
Microsoft Visual Studio Solution File, Format Version 12.00
# Visual Studio Version 17
VisualStudioVersion = 17.5.002.0
MinimumVisualStudioVersion = 10.0.40219.1
Project("{9A19103F-16F7-4668-BE54-9A1E7A4F7556}") = "explanatory-dictionary", "explanatory-dictionary.csproj", "{D1AB48D2-788D-431C-9522-2C19F2BC669C}"
EndProject
Global
	GlobalSection(SolutionConfigurationPlatforms) = preSolution
		Debug|Any CPU = Debug|Any CPU
		Release|Any CPU = Release|Any CPU
	EndGlobalSection
	GlobalSection(ProjectConfigurationPlatforms) = postSolution
		{D1AB48D2-788D-431C-9522-2C19F2BC669C}.Debug|Any CPU.ActiveCfg = Debug|Any CPU
		{D1AB48D2-788D-431C-9522-2C19F2BC669C}.Debug|Any CPU.Build.0 = Debug|Any CPU
		{D1AB48D2-788D-431C-9522-2C19F2BC669C}.Release|Any CPU.ActiveCfg = Release|Any CPU
		{D1AB48D2-788D-431C-9522-2C19F2BC669C}.Release|Any CPU.Build.0 = Release|Any CPU
	EndGlobalSection
	GlobalSection(SolutionProperties) = preSolution
		HideSolutionNode = FALSE
	EndGlobalSection
	GlobalSection(ExtensibilityGlobals) = postSolution
		SolutionGuid = {C6F42BCD-D813-4438-9176-DABCBB3D6FD1}
	EndGlobalSection
EndGlobal
